<?xml version="1.0" encoding="utf-8"?>
<Project ToolsVersion="4.0" xmlns="http://schemas.microsoft.com/developer/msbuild/2003">
  <ItemGroup>
    <Filter Include="Mirav">
      <UniqueIdentifier>{A4E4AB0D-10F9-D3BE-D97A-771E454ED0EF}</UniqueIdentifier>
    </Filter>
    <Filter Include="Mirav\Events">
      <UniqueIdentifier>{08708566-F4D2-140B-9D58-4DC1899AE08D}</UniqueIdentifier>
    </Filter>
  </ItemGroup>
  <ItemGroup>
    <ClInclude Include="src\Mirav.h" />
    <ClInclude Include="src\Mirav\Application.h">
      <Filter>Mirav</Filter>
    </ClInclude>
    <ClInclude Include="src\Mirav\Core.h">
      <Filter>Mirav</Filter>
    </ClInclude>
    <ClInclude Include="src\Mirav\EntryPoint.h">
      <Filter>Mirav</Filter>
    </ClInclude>
    <ClInclude Include="src\Mirav\Events\ApplicationEvent.h">
      <Filter>Mirav\Events</Filter>
    </ClInclude>
    <ClInclude Include="src\Mirav\Events\Event.h">
      <Filter>Mirav\Events</Filter>
    </ClInclude>
    <ClInclude Include="src\Mirav\Events\KeyEvent.h">
      <Filter>Mirav\Events</Filter>
    </ClInclude>
    <ClInclude Include="src\Mirav\Events\MouseEvent.h">
      <Filter>Mirav\Events</Filter>
    </ClInclude>
    <ClInclude Include="src\Mirav\Log.h">
      <Filter>Mirav</Filter>
    </ClInclude>
    <ClInclude Include="src\mvpch.h" />
    <ClInclude Include="src\Mirav\Window.h" />
    <ClInclude Include="src\Mirav\Platform\Windows\WindowsWindow.h" />
  </ItemGroup>
  <ItemGroup>
    <ClCompile Include="src\Mirav\Application.cpp">
      <Filter>Mirav</Filter>
    </ClCompile>
    <ClCompile Include="src\Mirav\Log.cpp">
      <Filter>Mirav</Filter>
    </ClCompile>
    <ClCompile Include="src\mvpch.cpp" />
    <ClCompile Include="src\Mirav\Platform\Windows\WindowsWindow.cpp" />
  </ItemGroup>
</Project>